
Microsoft Visual Studio Solution File, Format Version 12.00
# Visual Studio Version 16
VisualStudioVersion = 16.0.31321.278
MinimumVisualStudioVersion = 10.0.40219.1
Project("{9A19103F-16F7-4668-BE54-9A1E7A4F7556}") = "DataAccess", "DataAccess\DataAccess.csproj", "{E105C238-8411-4B1C-A84D-FF349B84675C}"
EndProject
Project("{9A19103F-16F7-4668-BE54-9A1E7A4F7556}") = "Business", "Business\Business.csproj", "{50DB55F9-077E-40DC-9448-000CC4245DB4}"
EndProject
Project("{9A19103F-16F7-4668-BE54-9A1E7A4F7556}") = "Entities", "Entities\Entities.csproj", "{3DA97B36-B5B6-480B-88E9-62EC41EF54CB}"
EndProject
Project("{9A19103F-16F7-4668-BE54-9A1E7A4F7556}") = "ConsoleUI", "ConsoleUI\ConsoleUI.csproj", "{B3324489-EB39-4DD5-A60E-3CE8BDD238E0}"
EndProject
Project("{9A19103F-16F7-4668-BE54-9A1E7A4F7556}") = "Core", "Core\Core.csproj", "{6F190AEA-78C9-4AC3-838C-267B75EC99AD}"
EndProject
Project("{FAE04EC0-301F-11D3-BF4B-00C04F79EFBC}") = "WebAPI", "WebAPI\WebAPI.csproj", "{4F9A9015-108A-4AC2-B6C3-FDDFA8535681}"
EndProject
Global
	GlobalSection(SolutionConfigurationPlatforms) = preSolution
		Debug|Any CPU = Debug|Any CPU
		Release|Any CPU = Release|Any CPU
	EndGlobalSection
	GlobalSection(ProjectConfigurationPlatforms) = postSolution
		{E105C238-8411-4B1C-A84D-FF349B84675C}.Debug|Any CPU.ActiveCfg = Debug|Any CPU
		{E105C238-8411-4B1C-A84D-FF349B84675C}.Debug|Any CPU.Build.0 = Debug|Any CPU
		{E105C238-8411-4B1C-A84D-FF349B84675C}.Release|Any CPU.ActiveCfg = Release|Any CPU
		{E105C238-8411-4B1C-A84D-FF349B84675C}.Release|Any CPU.Build.0 = Release|Any CPU
		{50DB55F9-077E-40DC-9448-000CC4245DB4}.Debug|Any CPU.ActiveCfg = Debug|Any CPU
		{50DB55F9-077E-40DC-9448-000CC4245DB4}.Debug|Any CPU.Build.0 = Debug|Any CPU
		{50DB55F9-077E-40DC-9448-000CC4245DB4}.Release|Any CPU.ActiveCfg = Release|Any CPU
		{50DB55F9-077E-40DC-9448-000CC4245DB4}.Release|Any CPU.Build.0 = Release|Any CPU
		{3DA97B36-B5B6-480B-88E9-62EC41EF54CB}.Debug|Any CPU.ActiveCfg = Debug|Any CPU
		{3DA97B36-B5B6-480B-88E9-62EC41EF54CB}.Debug|Any CPU.Build.0 = Debug|Any CPU
		{3DA97B36-B5B6-480B-88E9-62EC41EF54CB}.Release|Any CPU.ActiveCfg = Release|Any CPU
		{3DA97B36-B5B6-480B-88E9-62EC41EF54CB}.Release|Any CPU.Build.0 = Release|Any CPU
		{B3324489-EB39-4DD5-A60E-3CE8BDD238E0}.Debug|Any CPU.ActiveCfg = Debug|Any CPU
		{B3324489-EB39-4DD5-A60E-3CE8BDD238E0}.Debug|Any CPU.Build.0 = Debug|Any CPU
		{B3324489-EB39-4DD5-A60E-3CE8BDD238E0}.Release|Any CPU.ActiveCfg = Release|Any CPU
		{B3324489-EB39-4DD5-A60E-3CE8BDD238E0}.Release|Any CPU.Build.0 = Release|Any CPU
		{6F190AEA-78C9-4AC3-838C-267B75EC99AD}.Debug|Any CPU.ActiveCfg = Debug|Any CPU
		{6F190AEA-78C9-4AC3-838C-267B75EC99AD}.Debug|Any CPU.Build.0 = Debug|Any CPU
		{6F190AEA-78C9-4AC3-838C-267B75EC99AD}.Release|Any CPU.ActiveCfg = Release|Any CPU
		{6F190AEA-78C9-4AC3-838C-267B75EC99AD}.Release|Any CPU.Build.0 = Release|Any CPU
		{4F9A9015-108A-4AC2-B6C3-FDDFA8535681}.Debug|Any CPU.ActiveCfg = Debug|Any CPU
		{4F9A9015-108A-4AC2-B6C3-FDDFA8535681}.Debug|Any CPU.Build.0 = Debug|Any CPU
		{4F9A9015-108A-4AC2-B6C3-FDDFA8535681}.Release|Any CPU.ActiveCfg = Release|Any CPU
		{4F9A9015-108A-4AC2-B6C3-FDDFA8535681}.Release|Any CPU.Build.0 = Release|Any CPU
	EndGlobalSection
	GlobalSection(SolutionProperties) = preSolution
		HideSolutionNode = FALSE
	EndGlobalSection
	GlobalSection(ExtensibilityGlobals) = postSolution
		SolutionGuid = {B86F7082-CFA0-4DCF-AEF7-480138A7CC8D}
	EndGlobalSection
EndGlobal
